
Microsoft Visual Studio Solution File, Format Version 12.00
# Visual Studio 15
VisualStudioVersion = 15.0.27703.2000
MinimumVisualStudioVersion = 10.0.40219.1
Project("{FAE04EC0-301F-11D3-BF4B-00C04F79EFBC}") = "GoogleMap", "GoogleMap\GoogleMap.csproj", "{EA4C59A0-4A2E-40BD-B4C0-96F2BA6D535F}"
EndProject
Global
	GlobalSection(SolutionConfigurationPlatforms) = preSolution
		Debug|Any CPU = Debug|Any CPU
		Release|Any CPU = Release|Any CPU
	EndGlobalSection
	GlobalSection(ProjectConfigurationPlatforms) = postSolution
		{EA4C59A0-4A2E-40BD-B4C0-96F2BA6D535F}.Debug|Any CPU.ActiveCfg = Debug|Any CPU
		{EA4C59A0-4A2E-40BD-B4C0-96F2BA6D535F}.Debug|Any CPU.Build.0 = Debug|Any CPU
		{EA4C59A0-4A2E-40BD-B4C0-96F2BA6D535F}.Release|Any CPU.ActiveCfg = Release|Any CPU
		{EA4C59A0-4A2E-40BD-B4C0-96F2BA6D535F}.Release|Any CPU.Build.0 = Release|Any CPU
	EndGlobalSection
	GlobalSection(SolutionProperties) = preSolution
		HideSolutionNode = FALSE
	EndGlobalSection
	GlobalSection(ExtensibilityGlobals) = postSolution
		SolutionGuid = {A87C552D-6C35-4308-AC8C-CD7B03602921}
	EndGlobalSection
EndGlobal
